
Microsoft Visual Studio Solution File, Format Version 12.00
# Visual Studio Version 16
VisualStudioVersion = 16.0.30621.155
MinimumVisualStudioVersion = 10.0.40219.1
Project("{FAE04EC0-301F-11D3-BF4B-00C04F79EFBC}") = "RestSharpWorkshop", "RestSharpWorkshop\RestSharpWorkshop.csproj", "{A1C8155F-4366-4794-BF5D-B92A90185C83}"
EndProject
Global
	GlobalSection(SolutionConfigurationPlatforms) = preSolution
		Debug|Any CPU = Debug|Any CPU
		Release|Any CPU = Release|Any CPU
	EndGlobalSection
	GlobalSection(ProjectConfigurationPlatforms) = postSolution
		{A1C8155F-4366-4794-BF5D-B92A90185C83}.Debug|Any CPU.ActiveCfg = Debug|Any CPU
		{A1C8155F-4366-4794-BF5D-B92A90185C83}.Debug|Any CPU.Build.0 = Debug|Any CPU
		{A1C8155F-4366-4794-BF5D-B92A90185C83}.Release|Any CPU.ActiveCfg = Release|Any CPU
		{A1C8155F-4366-4794-BF5D-B92A90185C83}.Release|Any CPU.Build.0 = Release|Any CPU
	EndGlobalSection
	GlobalSection(SolutionProperties) = preSolution
		HideSolutionNode = FALSE
	EndGlobalSection
	GlobalSection(ExtensibilityGlobals) = postSolution
		SolutionGuid = {73437EC5-799F-455F-99AD-1FD897C3C9C8}
	EndGlobalSection
EndGlobal
